
Microsoft Visual Studio Solution File, Format Version 12.00
# Visual Studio Version 17
VisualStudioVersion = 17.0.31903.59
MinimumVisualStudioVersion = 10.0.40219.1
Project("{FAE04EC0-301F-11D3-BF4B-00C04F79EFBC}") = "RoslynOnline", "RoslynOnline\RoslynOnline.csproj", "{00AFEC5B-948C-9A3D-9C78-953950560291}"
EndProject
Global
	GlobalSection(SolutionConfigurationPlatforms) = preSolution
		Debug|Any CPU = Debug|Any CPU
		Release|Any CPU = Release|Any CPU
	EndGlobalSection
	GlobalSection(ProjectConfigurationPlatforms) = postSolution
		{00AFEC5B-948C-9A3D-9C78-953950560291}.Debug|Any CPU.ActiveCfg = Debug|Any CPU
		{00AFEC5B-948C-9A3D-9C78-953950560291}.Debug|Any CPU.Build.0 = Debug|Any CPU
		{00AFEC5B-948C-9A3D-9C78-953950560291}.Release|Any CPU.ActiveCfg = Release|Any CPU
		{00AFEC5B-948C-9A3D-9C78-953950560291}.Release|Any CPU.Build.0 = Release|Any CPU
	EndGlobalSection
	GlobalSection(SolutionProperties) = preSolution
		HideSolutionNode = FALSE
	EndGlobalSection
	GlobalSection(ExtensibilityGlobals) = postSolution
		SolutionGuid = {D3AB9517-CD23-4CF8-908B-595D4C3BDBFF}
	EndGlobalSection
EndGlobal
